// !$*UTF8*$!
{
	archiveVersion = 1;
	classes = {
	};
	objectVersion = 55;
	objects = {

/* Begin PBXBuildFile section */
		B8EB907F28C3C91C002EF17B /* SwiftAlgorithm.docc in Sources */ = {isa = PBXBuildFile; fileRef = B8EB907E28C3C91C002EF17B /* SwiftAlgorithm.docc */; };
		B8EB908528C3C91C002EF17B /* SwiftAlgorithm.framework in Frameworks */ = {isa = PBXBuildFile; fileRef = B8EB907A28C3C91C002EF17B /* SwiftAlgorithm.framework */; };
		B8EB908A28C3C91C002EF17B /* SwiftAlgorithmTests.swift in Sources */ = {isa = PBXBuildFile; fileRef = B8EB908928C3C91C002EF17B /* SwiftAlgorithmTests.swift */; };
		B8EB908B28C3C91C002EF17B /* SwiftAlgorithm.h in Headers */ = {isa = PBXBuildFile; fileRef = B8EB907D28C3C91C002EF17B /* SwiftAlgorithm.h */; settings = {ATTRIBUTES = (Public, ); }; };
		B8EB909828C3C927002EF17B /* SelectionSort.swift in Sources */ = {isa = PBXBuildFile; fileRef = B8EB909528C3C927002EF17B /* SelectionSort.swift */; };
		B8EB909928C3C927002EF17B /* MergeSort.swift in Sources */ = {isa = PBXBuildFile; fileRef = B8EB909628C3C927002EF17B /* MergeSort.swift */; };
		B8EB909A28C3C927002EF17B /* QuickSort.swift in Sources */ = {isa = PBXBuildFile; fileRef = B8EB909728C3C927002EF17B /* QuickSort.swift */; };
		B8EB909D28C3D034002EF17B /* BinaryTree.swift in Sources */ = {isa = PBXBuildFile; fileRef = B8EB909C28C3D034002EF17B /* BinaryTree.swift */; };
		B8EB909F28C3D03F002EF17B /* Stack.swift in Sources */ = {isa = PBXBuildFile; fileRef = B8EB909E28C3D03F002EF17B /* Stack.swift */; };
/* End PBXBuildFile section */

/* Begin PBXContainerItemProxy section */
		B8EB908628C3C91C002EF17B /* PBXContainerItemProxy */ = {
			isa = PBXContainerItemProxy;
			containerPortal = B8EB907128C3C91C002EF17B /* Project object */;
			proxyType = 1;
			remoteGlobalIDString = B8EB907928C3C91C002EF17B;
			remoteInfo = SwiftAlgorithm;
		};
/* End PBXContainerItemProxy section */

/* Begin PBXFileReference section */
		B8EB907A28C3C91C002EF17B /* SwiftAlgorithm.framework */ = {isa = PBXFileReference; explicitFileType = wrapper.framework; includeInIndex = 0; path = SwiftAlgorithm.framework; sourceTree = BUILT_PRODUCTS_DIR; };
		B8EB907D28C3C91C002EF17B /* SwiftAlgorithm.h */ = {isa = PBXFileReference; lastKnownFileType = sourcecode.c.h; path = SwiftAlgorithm.h; sourceTree = "<group>"; };
		B8EB907E28C3C91C002EF17B /* SwiftAlgorithm.docc */ = {isa = PBXFileReference; lastKnownFileType = folder.documentationcatalog; path = SwiftAlgorithm.docc; sourceTree = "<group>"; };
		B8EB908428C3C91C002EF17B /* SwiftAlgorithmTests.xctest */ = {isa = PBXFileReference; explicitFileType = wrapper.cfbundle; includeInIndex = 0; path = SwiftAlgorithmTests.xctest; sourceTree = BUILT_PRODUCTS_DIR; };
		B8EB908928C3C91C002EF17B /* SwiftAlgorithmTests.swift */ = {isa = PBXFileReference; lastKnownFileType = sourcecode.swift; path = SwiftAlgorithmTests.swift; sourceTree = "<group>"; };
		B8EB909528C3C927002EF17B /* SelectionSort.swift */ = {isa = PBXFileReference; fileEncoding = 4; lastKnownFileType = sourcecode.swift; path = SelectionSort.swift; sourceTree = "<group>"; };
		B8EB909628C3C927002EF17B /* MergeSort.swift */ = {isa = PBXFileReference; fileEncoding = 4; lastKnownFileType = sourcecode.swift; path = MergeSort.swift; sourceTree = "<group>"; };
		B8EB909728C3C927002EF17B /* QuickSort.swift */ = {isa = PBXFileReference; fileEncoding = 4; lastKnownFileType = sourcecode.swift; path = QuickSort.swift; sourceTree = "<group>"; };
		B8EB909C28C3D034002EF17B /* BinaryTree.swift */ = {isa = PBXFileReference; lastKnownFileType = sourcecode.swift; path = BinaryTree.swift; sourceTree = "<group>"; };
		B8EB909E28C3D03F002EF17B /* Stack.swift */ = {isa = PBXFileReference; lastKnownFileType = sourcecode.swift; path = Stack.swift; sourceTree = "<group>"; };
/* End PBXFileReference section */

/* Begin PBXFrameworksBuildPhase section */
		B8EB907728C3C91C002EF17B /* Frameworks */ = {
			isa = PBXFrameworksBuildPhase;
			buildActionMask = 2147483647;
			files = (
			);
			runOnlyForDeploymentPostprocessing = 0;
		};
		B8EB908128C3C91C002EF17B /* Frameworks */ = {
			isa = PBXFrameworksBuildPhase;
			buildActionMask = 2147483647;
			files = (
				B8EB908528C3C91C002EF17B /* SwiftAlgorithm.framework in Frameworks */,
			);
			runOnlyForDeploymentPostprocessing = 0;
		};
/* End PBXFrameworksBuildPhase section */

/* Begin PBXGroup section */
		B8EB907028C3C91C002EF17B = {
			isa = PBXGroup;
			children = (
				B8EB907C28C3C91C002EF17B /* SwiftAlgorithm */,
				B8EB908828C3C91C002EF17B /* SwiftAlgorithmTests */,
				B8EB907B28C3C91C002EF17B /* Products */,
			);
			sourceTree = "<group>";
		};
		B8EB907B28C3C91C002EF17B /* Products */ = {
			isa = PBXGroup;
			children = (
				B8EB907A28C3C91C002EF17B /* SwiftAlgorithm.framework */,
				B8EB908428C3C91C002EF17B /* SwiftAlgorithmTests.xctest */,
			);
			name = Products;
			sourceTree = "<group>";
		};
		B8EB907C28C3C91C002EF17B /* SwiftAlgorithm */ = {
			isa = PBXGroup;
			children = (
				B8EB909B28C3D024002EF17B /* Trees */,
				B8EB909428C3C927002EF17B /* Sorts */,
				B8EB907D28C3C91C002EF17B /* SwiftAlgorithm.h */,
				B8EB907E28C3C91C002EF17B /* SwiftAlgorithm.docc */,
			);
			path = SwiftAlgorithm;
			sourceTree = "<group>";
		};
		B8EB908828C3C91C002EF17B /* SwiftAlgorithmTests */ = {
			isa = PBXGroup;
			children = (
				B8EB908928C3C91C002EF17B /* SwiftAlgorithmTests.swift */,
			);
			path = SwiftAlgorithmTests;
			sourceTree = "<group>";
		};
		B8EB909428C3C927002EF17B /* Sorts */ = {
			isa = PBXGroup;
			children = (
				B8EB909528C3C927002EF17B /* SelectionSort.swift */,
				B8EB909628C3C927002EF17B /* MergeSort.swift */,
				B8EB909728C3C927002EF17B /* QuickSort.swift */,
			);
			path = Sorts;
			sourceTree = "<group>";
		};
		B8EB909B28C3D024002EF17B /* Trees */ = {
			isa = PBXGroup;
			children = (
				B8EB909C28C3D034002EF17B /* BinaryTree.swift */,
				B8EB909E28C3D03F002EF17B /* Stack.swift */,
			);
			path = Trees;
			sourceTree = "<group>";
		};
/* End PBXGroup section */

/* Begin PBXHeadersBuildPhase section */
		B8EB907528C3C91C002EF17B /* Headers */ = {
			isa = PBXHeadersBuildPhase;
			buildActionMask = 2147483647;
			files = (
				B8EB908B28C3C91C002EF17B /* SwiftAlgorithm.h in Headers */,
			);
			runOnlyForDeploymentPostprocessing = 0;
		};
/* End PBXHeadersBuildPhase section */

/* Begin PBXNativeTarget section */
		B8EB907928C3C91C002EF17B /* SwiftAlgorithm */ = {
			isa = PBXNativeTarget;
			buildConfigurationList = B8EB908E28C3C91C002EF17B /* Build configuration list for PBXNativeTarget "SwiftAlgorithm" */;
			buildPhases = (
				B8EB907528C3C91C002EF17B /* Headers */,
				B8EB907628C3C91C002EF17B /* Sources */,
				B8EB907728C3C91C002EF17B /* Frameworks */,
				B8EB907828C3C91C002EF17B /* Resources */,
			);
			buildRules = (
			);
			dependencies = (
			);
			name = SwiftAlgorithm;
			productName = SwiftAlgorithm;
			productReference = B8EB907A28C3C91C002EF17B /* SwiftAlgorithm.framework */;
			productType = "com.apple.product-type.framework";
		};
		B8EB908328C3C91C002EF17B /* SwiftAlgorithmTests */ = {
			isa = PBXNativeTarget;
			buildConfigurationList = B8EB909128C3C91C002EF17B /* Build configuration list for PBXNativeTarget "SwiftAlgorithmTests" */;
			buildPhases = (
				B8EB908028C3C91C002EF17B /* Sources */,
				B8EB908128C3C91C002EF17B /* Frameworks */,
				B8EB908228C3C91C002EF17B /* Resources */,
			);
			buildRules = (
			);
			dependencies = (
				B8EB908728C3C91C002EF17B /* PBXTargetDependency */,
			);
			name = SwiftAlgorithmTests;
			productName = SwiftAlgorithmTests;
			productReference = B8EB908428C3C91C002EF17B /* SwiftAlgorithmTests.xctest */;
			productType = "com.apple.product-type.bundle.unit-test";
		};
/* End PBXNativeTarget section */

/* Begin PBXProject section */
		B8EB907128C3C91C002EF17B /* Project object */ = {
			isa = PBXProject;
			attributes = {
				BuildIndependentTargetsInParallel = 1;
				LastSwiftUpdateCheck = 1340;
				LastUpgradeCheck = 1340;
				TargetAttributes = {
					B8EB907928C3C91C002EF17B = {
						CreatedOnToolsVersion = 13.4.1;
					};
					B8EB908328C3C91C002EF17B = {
						CreatedOnToolsVersion = 13.4.1;
					};
				};
			};
			buildConfigurationList = B8EB907428C3C91C002EF17B /* Build configuration list for PBXProject "SwiftAlgorithm" */;
			compatibilityVersion = "Xcode 13.0";
			developmentRegion = en;
			hasScannedForEncodings = 0;
			knownRegions = (
				en,
				Base,
			);
			mainGroup = B8EB907028C3C91C002EF17B;
			productRefGroup = B8EB907B28C3C91C002EF17B /* Products */;
			projectDirPath = "";
			projectRoot = "";
			targets = (
				B8EB907928C3C91C002EF17B /* SwiftAlgorithm */,
				B8EB908328C3C91C002EF17B /* SwiftAlgorithmTests */,
			);
		};
/* End PBXProject section */

/* Begin PBXResourcesBuildPhase section */
		B8EB907828C3C91C002EF17B /* Resources */ = {
			isa = PBXResourcesBuildPhase;
			buildActionMask = 2147483647;
			files = (
			);
			runOnlyForDeploymentPostprocessing = 0;
		};
		B8EB908228C3C91C002EF17B /* Resources */ = {
			isa = PBXResourcesBuildPhase;
			buildActionMask = 2147483647;
			files = (
			);
			runOnlyForDeploymentPostprocessing = 0;
		};
/* End PBXResourcesBuildPhase section */

/* Begin PBXSourcesBuildPhase section */
		B8EB907628C3C91C002EF17B /* Sources */ = {
			isa = PBXSourcesBuildPhase;
			buildActionMask = 2147483647;
			files = (
				B8EB909928C3C927002EF17B /* MergeSort.swift in Sources */,
				B8EB909828C3C927002EF17B /* SelectionSort.swift in Sources */,
				B8EB909D28C3D034002EF17B /* BinaryTree.swift in Sources */,
				B8EB907F28C3C91C002EF17B /* SwiftAlgorithm.docc in Sources */,
				B8EB909F28C3D03F002EF17B /* Stack.swift in Sources */,
				B8EB909A28C3C927002EF17B /* QuickSort.swift in Sources */,
			);
			runOnlyForDeploymentPostprocessing = 0;
		};
		B8EB908028C3C91C002EF17B /* Sources */ = {
			isa = PBXSourcesBuildPhase;
			buildActionMask = 2147483647;
			files = (
				B8EB908A28C3C91C002EF17B /* SwiftAlgorithmTests.swift in Sources */,
			);
			runOnlyForDeploymentPostprocessing = 0;
		};
/* End PBXSourcesBuildPhase section */

/* Begin PBXTargetDependency section */
		B8EB908728C3C91C002EF17B /* PBXTargetDependency */ = {
			isa = PBXTargetDependency;
			target = B8EB907928C3C91C002EF17B /* SwiftAlgorithm */;
			targetProxy = B8EB908628C3C91C002EF17B /* PBXContainerItemProxy */;
		};
/* End PBXTargetDependency section */

/* Begin XCBuildConfiguration section */
		B8EB908C28C3C91C002EF17B /* Debug */ = {
			isa = XCBuildConfiguration;
			buildSettings = {
				ALWAYS_SEARCH_USER_PATHS = NO;
				CLANG_ANALYZER_NONNULL = YES;
				CLANG_ANALYZER_NUMBER_OBJECT_CONVERSION = YES_AGGRESSIVE;
				CLANG_CXX_LANGUAGE_STANDARD = "gnu++17";
				CLANG_ENABLE_MODULES = YES;
				CLANG_ENABLE_OBJC_ARC = YES;
				CLANG_ENABLE_OBJC_WEAK = YES;
				CLANG_WARN_BLOCK_CAPTURE_AUTORELEASING = YES;
				CLANG_WARN_BOOL_CONVERSION = YES;
				CLANG_WARN_COMMA = YES;
				CLANG_WARN_CONSTANT_CONVERSION = YES;
				CLANG_WARN_DEPRECATED_OBJC_IMPLEMENTATIONS = YES;
				CLANG_WARN_DIRECT_OBJC_ISA_USAGE = YES_ERROR;
				CLANG_WARN_DOCUMENTATION_COMMENTS = YES;
				CLANG_WARN_EMPTY_BODY = YES;
				CLANG_WARN_ENUM_CONVERSION = YES;
				CLANG_WARN_INFINITE_RECURSION = YES;
				CLANG_WARN_INT_CONVERSION = YES;
				CLANG_WARN_NON_LITERAL_NULL_CONVERSION = YES;
				CLANG_WARN_OBJC_IMPLICIT_RETAIN_SELF = YES;
				CLANG_WARN_OBJC_LITERAL_CONVERSION = YES;
				CLANG_WARN_OBJC_ROOT_CLASS = YES_ERROR;
				CLANG_WARN_QUOTED_INCLUDE_IN_FRAMEWORK_HEADER = YES;
				CLANG_WARN_RANGE_LOOP_ANALYSIS = YES;
				CLANG_WARN_STRICT_PROTOTYPES = YES;
				CLANG_WARN_SUSPICIOUS_MOVE = YES;
				CLANG_WARN_UNGUARDED_AVAILABILITY = YES_AGGRESSIVE;
				CLANG_WARN_UNREACHABLE_CODE = YES;
				CLANG_WARN__DUPLICATE_METHOD_MATCH = YES;
				COPY_PHASE_STRIP = NO;
				CURRENT_PROJECT_VERSION = 1;
				DEBUG_INFORMATION_FORMAT = dwarf;
				ENABLE_STRICT_OBJC_MSGSEND = YES;
				ENABLE_TESTABILITY = YES;
				GCC_C_LANGUAGE_STANDARD = gnu11;
				GCC_DYNAMIC_NO_PIC = NO;
				GCC_NO_COMMON_BLOCKS = YES;
				GCC_OPTIMIZATION_LEVEL = 0;
				GCC_PREPROCESSOR_DEFINITIONS = (
					"DEBUG=1",
					"$(inherited)",
				);
				GCC_WARN_64_TO_32_BIT_CONVERSION = YES;
				GCC_WARN_ABOUT_RETURN_TYPE = YES_ERROR;
				GCC_WARN_UNDECLARED_SELECTOR = YES;
				GCC_WARN_UNINITIALIZED_AUTOS = YES_AGGRESSIVE;
				GCC_WARN_UNUSED_FUNCTION = YES;
				GCC_WARN_UNUSED_VARIABLE = YES;
				IPHONEOS_DEPLOYMENT_TARGET = 15.5;
				MTL_ENABLE_DEBUG_INFO = INCLUDE_SOURCE;
				MTL_FAST_MATH = YES;
				ONLY_ACTIVE_ARCH = YES;
				SDKROOT = iphoneos;
				SWIFT_ACTIVE_COMPILATION_CONDITIONS = DEBUG;
				SWIFT_OPTIMIZATION_LEVEL = "-Onone";
				VERSIONING_SYSTEM = "apple-generic";
				VERSION_INFO_PREFIX = "";
			};
			name = Debug;
		};
		B8EB908D28C3C91C002EF17B /* Release */ = {
			isa = XCBuildConfiguration;
			buildSettings = {
				ALWAYS_SEARCH_USER_PATHS = NO;
				CLANG_ANALYZER_NONNULL = YES;
				CLANG_ANALYZER_NUMBER_OBJECT_CONVERSION = YES_AGGRESSIVE;
				CLANG_CXX_LANGUAGE_STANDARD = "gnu++17";
				CLANG_ENABLE_MODULES = YES;
				CLANG_ENABLE_OBJC_ARC = YES;
				CLANG_ENABLE_OBJC_WEAK = YES;
				CLANG_WARN_BLOCK_CAPTURE_AUTORELEASING = YES;
				CLANG_WARN_BOOL_CONVERSION = YES;
				CLANG_WARN_COMMA = YES;
				CLANG_WARN_CONSTANT_CONVERSION = YES;
				CLANG_WARN_DEPRECATED_OBJC_IMPLEMENTATIONS = YES;
				CLANG_WARN_DIRECT_OBJC_ISA_USAGE = YES_ERROR;
				CLANG_WARN_DOCUMENTATION_COMMENTS = YES;
				CLANG_WARN_EMPTY_BODY = YES;
				CLANG_WARN_ENUM_CONVERSION = YES;
				CLANG_WARN_INFINITE_RECURSION = YES;
				CLANG_WARN_INT_CONVERSION = YES;
				CLANG_WARN_NON_LITERAL_NULL_CONVERSION = YES;
				CLANG_WARN_OBJC_IMPLICIT_RETAIN_SELF = YES;
				CLANG_WARN_OBJC_LITERAL_CONVERSION = YES;
				CLANG_WARN_OBJC_ROOT_CLASS = YES_ERROR;
				CLANG_WARN_QUOTED_INCLUDE_IN_FRAMEWORK_HEADER = YES;
				CLANG_WARN_RANGE_LOOP_ANALYSIS = YES;
				CLANG_WARN_STRICT_PROTOTYPES = YES;
				CLANG_WARN_SUSPICIOUS_MOVE = YES;
				CLANG_WARN_UNGUARDED_AVAILABILITY = YES_AGGRESSIVE;
				CLANG_WARN_UNREACHABLE_CODE = YES;
				CLANG_WARN__DUPLICATE_METHOD_MATCH = YES;
				COPY_PHASE_STRIP = NO;
				CURRENT_PROJECT_VERSION = 1;
				DEBUG_INFORMATION_FORMAT = "dwarf-with-dsym";
				ENABLE_NS_ASSERTIONS = NO;
				ENABLE_STRICT_OBJC_MSGSEND = YES;
				GCC_C_LANGUAGE_STANDARD = gnu11;
				GCC_NO_COMMON_BLOCKS = YES;
				GCC_WARN_64_TO_32_BIT_CONVERSION = YES;
				GCC_WARN_ABOUT_RETURN_TYPE = YES_ERROR;
				GCC_WARN_UNDECLARED_SELECTOR = YES;
				GCC_WARN_UNINITIALIZED_AUTOS = YES_AGGRESSIVE;
				GCC_WARN_UNUSED_FUNCTION = YES;
				GCC_WARN_UNUSED_VARIABLE = YES;
				IPHONEOS_DEPLOYMENT_TARGET = 15.5;
				MTL_ENABLE_DEBUG_INFO = NO;
				MTL_FAST_MATH = YES;
				SDKROOT = iphoneos;
				SWIFT_COMPILATION_MODE = wholemodule;
				SWIFT_OPTIMIZATION_LEVEL = "-O";
				VALIDATE_PRODUCT = YES;
				VERSIONING_SYSTEM = "apple-generic";
				VERSION_INFO_PREFIX = "";
			};
			name = Release;
		};
		B8EB908F28C3C91C002EF17B /* Debug */ = {
			isa = XCBuildConfiguration;
			buildSettings = {
				CODE_SIGN_STYLE = Automatic;
				CURRENT_PROJECT_VERSION = 1;
				DEFINES_MODULE = YES;
				DEVELOPMENT_TEAM = RZJX863SMT;
				DYLIB_COMPATIBILITY_VERSION = 1;
				DYLIB_CURRENT_VERSION = 1;
				DYLIB_INSTALL_NAME_BASE = "@rpath";
				GENERATE_INFOPLIST_FILE = YES;
				INFOPLIST_KEY_NSHumanReadableCopyright = "";
				INSTALL_PATH = "$(LOCAL_LIBRARY_DIR)/Frameworks";
				LD_RUNPATH_SEARCH_PATHS = (
					"$(inherited)",
					"@executable_path/Frameworks",
					"@loader_path/Frameworks",
				);
				MARKETING_VERSION = 1.0;
				PRODUCT_BUNDLE_IDENTIFIER = com.zs.SwiftAlgorithm;
				PRODUCT_NAME = "$(TARGET_NAME:c99extidentifier)";
				SKIP_INSTALL = YES;
				SWIFT_EMIT_LOC_STRINGS = YES;
				SWIFT_VERSION = 5.0;
				TARGETED_DEVICE_FAMILY = "1,2";
			};
			name = Debug;
		};
		B8EB909028C3C91C002EF17B /* Release */ = {
			isa = XCBuildConfiguration;
			buildSettings = {
				CODE_SIGN_STYLE = Automatic;
				CURRENT_PROJECT_VERSION = 1;
				DEFINES_MODULE = YES;
				DEVELOPMENT_TEAM = RZJX863SMT;
				DYLIB_COMPATIBILITY_VERSION = 1;
				DYLIB_CURRENT_VERSION = 1;
				DYLIB_INSTALL_NAME_BASE = "@rpath";
				GENERATE_INFOPLIST_FILE = YES;
				INFOPLIST_KEY_NSHumanReadableCopyright = "";
				INSTALL_PATH = "$(LOCAL_LIBRARY_DIR)/Frameworks";
				LD_RUNPATH_SEARCH_PATHS = (
					"$(inherited)",
					"@executable_path/Frameworks",
					"@loader_path/Frameworks",
				);
				MARKETING_VERSION = 1.0;
				PRODUCT_BUNDLE_IDENTIFIER = com.zs.SwiftAlgorithm;
				PRODUCT_NAME = "$(TARGET_NAME:c99extidentifier)";
				SKIP_INSTALL = YES;
				SWIFT_EMIT_LOC_STRINGS = YES;
				SWIFT_VERSION = 5.0;
				TARGETED_DEVICE_FAMILY = "1,2";
			};
			name = Release;
		};
		B8EB909228C3C91C002EF17B /* Debug */ = {
			isa = XCBuildConfiguration;
			buildSettings = {
				ALWAYS_EMBED_SWIFT_STANDARD_LIBRARIES = YES;
				CODE_SIGN_STYLE = Automatic;
				CURRENT_PROJECT_VERSION = 1;
				DEVELOPMENT_TEAM = RZJX863SMT;
				GENERATE_INFOPLIST_FILE = YES;
				MARKETING_VERSION = 1.0;
				PRODUCT_BUNDLE_IDENTIFIER = com.zs.SwiftAlgorithmTests;
				PRODUCT_NAME = "$(TARGET_NAME)";
				SWIFT_EMIT_LOC_STRINGS = NO;
				SWIFT_VERSION = 5.0;
				TARGETED_DEVICE_FAMILY = "1,2";
			};
			name = Debug;
		};
		B8EB909328C3C91C002EF17B /* Release */ = {
			isa = XCBuildConfiguration;
			buildSettings = {
				ALWAYS_EMBED_SWIFT_STANDARD_LIBRARIES = YES;
				CODE_SIGN_STYLE = Automatic;
				CURRENT_PROJECT_VERSION = 1;
				DEVELOPMENT_TEAM = RZJX863SMT;
				GENERATE_INFOPLIST_FILE = YES;
				MARKETING_VERSION = 1.0;
				PRODUCT_BUNDLE_IDENTIFIER = com.zs.SwiftAlgorithmTests;
				PRODUCT_NAME = "$(TARGET_NAME)";
				SWIFT_EMIT_LOC_STRINGS = NO;
				SWIFT_VERSION = 5.0;
				TARGETED_DEVICE_FAMILY = "1,2";
			};
			name = Release;
		};
/* End XCBuildConfiguration section */

/* Begin XCConfigurationList section */
		B8EB907428C3C91C002EF17B /* Build configuration list for PBXProject "SwiftAlgorithm" */ = {
			isa = XCConfigurationList;
			buildConfigurations = (
				B8EB908C28C3C91C002EF17B /* Debug */,
				B8EB908D28C3C91C002EF17B /* Release */,
			);
			defaultConfigurationIsVisible = 0;
			defaultConfigurationName = Release;
		};
		B8EB908E28C3C91C002EF17B /* Build configuration list for PBXNativeTarget "SwiftAlgorithm" */ = {
			isa = XCConfigurationList;
			buildConfigurations = (
				B8EB908F28C3C91C002EF17B /* Debug */,
				B8EB909028C3C91C002EF17B /* Release */,
			);
			defaultConfigurationIsVisible = 0;
			defaultConfigurationName = Release;
		};
		B8EB909128C3C91C002EF17B /* Build configuration list for PBXNativeTarget "SwiftAlgorithmTests" */ = {
			isa = XCConfigurationList;
			buildConfigurations = (
				B8EB909228C3C91C002EF17B /* Debug */,
				B8EB909328C3C91C002EF17B /* Release */,
			);
			defaultConfigurationIsVisible = 0;
			defaultConfigurationName = Release;
		};
/* End XCConfigurationList section */
	};
	rootObject = B8EB907128C3C91C002EF17B /* Project object */;
}
